PODS:
  - Alamofire (4.9.1)
  - Eureka (5.2.1)
  - EurekaFormBuilder (0.2.0):
    - Eureka (~> 5.0)
  - GRDB.swift (4.5.0):
    - GRDB.swift/standard (= 4.5.0)
  - GRDB.swift/standard (4.5.0)
  - HydraAsync (2.0.3)
  - KeychainAccess (4.1.0)
  - Mew (0.1.0)
  - Nuke (8.3.1)
  - SnapKit (5.0.1)
  - "※ikemen (0.6.0)"

DEPENDENCIES:
  - Alamofire (~> 4.9.1)
  - Eureka (from `https://github.com/xmartlabs/Eureka.git`, branch `xcode12`)
  - EurekaFormBuilder (~> 0.2.0)
  - GRDB.swift
  - HydraAsync (~> 2.0.3)
  - KeychainAccess
  - Mew (from `https://github.com/rinsuki/Mew.git`, branch `fix/podspec`)
  - Nuke (~> 8.3)
  - SnapKit (~> 5.0.1)
  - "※ikemen"

SPEC REPOS:
  trunk:
    - Alamofire
    - EurekaFormBuilder
    - GRDB.swift
    - HydraAsync
    - KeychainAccess
    - Nuke
    - SnapKit
    - "※ikemen"

EXTERNAL SOURCES:
  Eureka:
    :branch: xcode12
    :git: https://github.com/xmartlabs/Eureka.git
  Mew:
    :branch: fix/podspec
    :git: https://github.com/rinsuki/Mew.git

CHECKOUT OPTIONS:
  Eureka:
    :commit: f5651e328e099393e51b63f1abe78153cbacf90f
    :git: https://github.com/xmartlabs/Eureka.git
  Mew:
    :commit: 6b751020575ab88cbcec43726018d35a68dd94ab
    :git: https://github.com/rinsuki/Mew.git

SPEC CHECKSUMS:
  Alamofire: 85e8a02c69d6020a0d734f6054870d7ecb75cf18
  Eureka: c883105488e05bc65539f583246ecf9657cabbfe
  EurekaFormBuilder: f34ff96197bad3e2e980f27886f061b1f100001b
  GRDB.swift: f9c4cabfb4d1266685e80b1f6ea433eb61c7950c
  HydraAsync: e931acbcd0733d157fe50561a98d3140ba4ba2df
  KeychainAccess: 445e28864fe6d3458b41fa211bcdc39890e8bd5a
  Mew: 64d6aa86b5730bb76ff2dd9b30454c574cbf7303
  Nuke: 85fb80f8df0cb26c28d2f4e0cb7fb93bcd6548d3
  SnapKit: 97b92857e3df3a0c71833cce143274bf6ef8e5eb
  "※ikemen": da47fe6e0acfbe241611221f4d98ade266bf50a2

PODFILE CHECKSUM: c5c2b609a6592ebb00637de31b87ac2cc0c53d13

COCOAPODS: 1.8.4
