{
  "object": {
    "pins": [
      {
        "package": "swift-sea-api",
        "repositoryURL": "https://github.com/rinsuki/swift-sea-api.git",
        "state": {
          "branch": null,
          "revision": "aee6f53b1895cf88a91244c71c3bfd577cfa0952",
          "version": null
        }
      }
    ]
  },
  "version": 1
}
