{
  "object": {
    "pins": [
      {
        "package": "swift-sea-api",
        "repositoryURL": "https://github.com/rinsuki/swift-sea-api.git",
        "state": {
          "branch": null,
          "revision": "1e0756ab30a01c45899a755067af245b085cb07a",
          "version": null
        }
      }
    ]
  },
  "version": 1
}
